
Microsoft Visual Studio Solution File, Format Version 12.00
# Visual Studio Version 17
VisualStudioVersion = 17.4.33110.190
MinimumVisualStudioVersion = 10.0.40219.1
Project("{FAE04EC0-301F-11D3-BF4B-00C04F79EFBC}") = "Api_Movie", "Api_Movie\Api_Movie.csproj", "{CC96BC0E-8DA3-485B-B0F2-0E3B025E4EA8}"
EndProject
Project("{FAE04EC0-301F-11D3-BF4B-00C04F79EFBC}") = "Domain", "Domain\Domain.csproj", "{61826E76-B4F0-4178-AA61-ABE8CC0D846B}"
EndProject
Global
	GlobalSection(SolutionConfigurationPlatforms) = preSolution
		Debug|Any CPU = Debug|Any CPU
		Release|Any CPU = Release|Any CPU
	EndGlobalSection
	GlobalSection(ProjectConfigurationPlatforms) = postSolution
		{CC96BC0E-8DA3-485B-B0F2-0E3B025E4EA8}.Debug|Any CPU.ActiveCfg = Debug|Any CPU
		{CC96BC0E-8DA3-485B-B0F2-0E3B025E4EA8}.Debug|Any CPU.Build.0 = Debug|Any CPU
		{CC96BC0E-8DA3-485B-B0F2-0E3B025E4EA8}.Release|Any CPU.ActiveCfg = Release|Any CPU
		{CC96BC0E-8DA3-485B-B0F2-0E3B025E4EA8}.Release|Any CPU.Build.0 = Release|Any CPU
		{61826E76-B4F0-4178-AA61-ABE8CC0D846B}.Debug|Any CPU.ActiveCfg = Debug|Any CPU
		{61826E76-B4F0-4178-AA61-ABE8CC0D846B}.Debug|Any CPU.Build.0 = Debug|Any CPU
		{61826E76-B4F0-4178-AA61-ABE8CC0D846B}.Release|Any CPU.ActiveCfg = Release|Any CPU
		{61826E76-B4F0-4178-AA61-ABE8CC0D846B}.Release|Any CPU.Build.0 = Release|Any CPU
	EndGlobalSection
	GlobalSection(SolutionProperties) = preSolution
		HideSolutionNode = FALSE
	EndGlobalSection
	GlobalSection(ExtensibilityGlobals) = postSolution
		SolutionGuid = {D5686827-787E-4DEA-B182-C0B4E517C5A2}
	EndGlobalSection
EndGlobal
